
Microsoft Visual Studio Solution File, Format Version 12.00
# Visual Studio Version 17
VisualStudioVersion = 17.9.34607.119
MinimumVisualStudioVersion = 10.0.40219.1
Project("{FAE04EC0-301F-11D3-BF4B-00C04F79EFBC}") = "backend-v3", "backend-v3\backend-v3.csproj", "{9880EEEC-AF06-44D4-BCF2-B72338D3025B}"
EndProject
Global
	GlobalSection(SolutionConfigurationPlatforms) = preSolution
		Debug|Any CPU = Debug|Any CPU
		Release|Any CPU = Release|Any CPU
	EndGlobalSection
	GlobalSection(ProjectConfigurationPlatforms) = postSolution
		{9880EEEC-AF06-44D4-BCF2-B72338D3025B}.Debug|Any CPU.ActiveCfg = Debug|Any CPU
		{9880EEEC-AF06-44D4-BCF2-B72338D3025B}.Debug|Any CPU.Build.0 = Debug|Any CPU
		{9880EEEC-AF06-44D4-BCF2-B72338D3025B}.Release|Any CPU.ActiveCfg = Release|Any CPU
		{9880EEEC-AF06-44D4-BCF2-B72338D3025B}.Release|Any CPU.Build.0 = Release|Any CPU
	EndGlobalSection
	GlobalSection(SolutionProperties) = preSolution
		HideSolutionNode = FALSE
	EndGlobalSection
	GlobalSection(ExtensibilityGlobals) = postSolution
		SolutionGuid = {155931D6-AB59-4A3C-891D-8DFE4D473EEC}
	EndGlobalSection
EndGlobal
